
Microsoft Visual Studio Solution File, Format Version 12.00
# Visual Studio Version 16
VisualStudioVersion = 16.0.29613.14
MinimumVisualStudioVersion = 10.0.40219.1
Project("{9A19103F-16F7-4668-BE54-9A1E7A4F7556}") = "EmployeeApplication", "ContractEmployeeApplication\EmployeeApplication.csproj", "{B4CB1E34-140F-4D72-96F7-023D69614E68}"
EndProject
Project("{9A19103F-16F7-4668-BE54-9A1E7A4F7556}") = "EmployeeApplicationModel", "..\EmployeeApplicationModel\EmployeeApplicationModel\EmployeeApplicationModel.csproj", "{EB1A0A7A-72E6-4347-BA51-528B174145A8}"
EndProject
Global
	GlobalSection(SolutionConfigurationPlatforms) = preSolution
		Debug|Any CPU = Debug|Any CPU
		Release|Any CPU = Release|Any CPU
	EndGlobalSection
	GlobalSection(ProjectConfigurationPlatforms) = postSolution
		{B4CB1E34-140F-4D72-96F7-023D69614E68}.Debug|Any CPU.ActiveCfg = Debug|Any CPU
		{B4CB1E34-140F-4D72-96F7-023D69614E68}.Debug|Any CPU.Build.0 = Debug|Any CPU
		{B4CB1E34-140F-4D72-96F7-023D69614E68}.Release|Any CPU.ActiveCfg = Release|Any CPU
		{B4CB1E34-140F-4D72-96F7-023D69614E68}.Release|Any CPU.Build.0 = Release|Any CPU
		{EB1A0A7A-72E6-4347-BA51-528B174145A8}.Debug|Any CPU.ActiveCfg = Debug|Any CPU
		{EB1A0A7A-72E6-4347-BA51-528B174145A8}.Debug|Any CPU.Build.0 = Debug|Any CPU
		{EB1A0A7A-72E6-4347-BA51-528B174145A8}.Release|Any CPU.ActiveCfg = Release|Any CPU
		{EB1A0A7A-72E6-4347-BA51-528B174145A8}.Release|Any CPU.Build.0 = Release|Any CPU
	EndGlobalSection
	GlobalSection(SolutionProperties) = preSolution
		HideSolutionNode = FALSE
	EndGlobalSection
	GlobalSection(ExtensibilityGlobals) = postSolution
		SolutionGuid = {B9767F6E-3C9F-4DBF-9672-238DC96F89DB}
	EndGlobalSection
EndGlobal
